
Microsoft Visual Studio Solution File, Format Version 12.00
# Visual Studio Version 16
VisualStudioVersion = 16.0.32002.261
MinimumVisualStudioVersion = 10.0.40219.1
Project("{FAE04EC0-301F-11D3-BF4B-00C04F79EFBC}") = "CityDangersAlert", "CityDangersAlert\CityDangersAlert.csproj", "{4145B35C-CD87-4393-B01F-94CDBAB6BFFD}"
EndProject
Global
	GlobalSection(SolutionConfigurationPlatforms) = preSolution
		Debug|Any CPU = Debug|Any CPU
		Release|Any CPU = Release|Any CPU
	EndGlobalSection
	GlobalSection(ProjectConfigurationPlatforms) = postSolution
		{4145B35C-CD87-4393-B01F-94CDBAB6BFFD}.Debug|Any CPU.ActiveCfg = Debug|Any CPU
		{4145B35C-CD87-4393-B01F-94CDBAB6BFFD}.Debug|Any CPU.Build.0 = Debug|Any CPU
		{4145B35C-CD87-4393-B01F-94CDBAB6BFFD}.Release|Any CPU.ActiveCfg = Release|Any CPU
		{4145B35C-CD87-4393-B01F-94CDBAB6BFFD}.Release|Any CPU.Build.0 = Release|Any CPU
	EndGlobalSection
	GlobalSection(SolutionProperties) = preSolution
		HideSolutionNode = FALSE
	EndGlobalSection
	GlobalSection(ExtensibilityGlobals) = postSolution
		SolutionGuid = {61D457E2-8F24-4EA8-82C2-AB2F19E3E615}
	EndGlobalSection
EndGlobal
